
Microsoft Visual Studio Solution File, Format Version 12.00
# Visual Studio Version 17
VisualStudioVersion = 17.13.35825.156
MinimumVisualStudioVersion = 10.0.40219.1
Project("{FAE04EC0-301F-11D3-BF4B-00C04F79EFBC}") = "MVC DEMO", "Demo Sec-2\MVC DEMO.csproj", "{4E0B470C-382B-4CAA-899F-69466CD34B7F}"
EndProject
Global
	GlobalSection(SolutionConfigurationPlatforms) = preSolution
		Debug|Any CPU = Debug|Any CPU
		Release|Any CPU = Release|Any CPU
	EndGlobalSection
	GlobalSection(ProjectConfigurationPlatforms) = postSolution
		{4E0B470C-382B-4CAA-899F-69466CD34B7F}.Debug|Any CPU.ActiveCfg = Debug|Any CPU
		{4E0B470C-382B-4CAA-899F-69466CD34B7F}.Debug|Any CPU.Build.0 = Debug|Any CPU
		{4E0B470C-382B-4CAA-899F-69466CD34B7F}.Release|Any CPU.ActiveCfg = Release|Any CPU
		{4E0B470C-382B-4CAA-899F-69466CD34B7F}.Release|Any CPU.Build.0 = Release|Any CPU
	EndGlobalSection
	GlobalSection(SolutionProperties) = preSolution
		HideSolutionNode = FALSE
	EndGlobalSection
	GlobalSection(ExtensibilityGlobals) = postSolution
		SolutionGuid = {D5FB92A0-5909-445B-B397-9501E9940F31}
	EndGlobalSection
EndGlobal
